
Microsoft Visual Studio Solution File, Format Version 12.00
# Visual Studio 15
VisualStudioVersion = 15.0.27703.2047
MinimumVisualStudioVersion = 10.0.40219.1
Project("{FAE04EC0-301F-11D3-BF4B-00C04F79EFBC}") = "T7 - Taulukko", "T7 - Taulukko\T7 - Taulukko.csproj", "{77E76921-7F62-4DF0-9C7B-CD4657D08808}"
EndProject
Global
	GlobalSection(SolutionConfigurationPlatforms) = preSolution
		Debug|Any CPU = Debug|Any CPU
		Release|Any CPU = Release|Any CPU
	EndGlobalSection
	GlobalSection(ProjectConfigurationPlatforms) = postSolution
		{77E76921-7F62-4DF0-9C7B-CD4657D08808}.Debug|Any CPU.ActiveCfg = Debug|Any CPU
		{77E76921-7F62-4DF0-9C7B-CD4657D08808}.Debug|Any CPU.Build.0 = Debug|Any CPU
		{77E76921-7F62-4DF0-9C7B-CD4657D08808}.Release|Any CPU.ActiveCfg = Release|Any CPU
		{77E76921-7F62-4DF0-9C7B-CD4657D08808}.Release|Any CPU.Build.0 = Release|Any CPU
	EndGlobalSection
	GlobalSection(SolutionProperties) = preSolution
		HideSolutionNode = FALSE
	EndGlobalSection
	GlobalSection(ExtensibilityGlobals) = postSolution
		SolutionGuid = {B17AB61A-5C2E-48F1-B558-14164C22FD2C}
	EndGlobalSection
EndGlobal
