
Microsoft Visual Studio Solution File, Format Version 12.00
# Visual Studio 15
VisualStudioVersion = 15.0.27703.2047
MinimumVisualStudioVersion = 10.0.40219.1
Project("{FAE04EC0-301F-11D3-BF4B-00C04F79EFBC}") = "T3 - Valuuttalaskuri", "T3 - Valuuttalaskuri\T3 - Valuuttalaskuri.csproj", "{24C65498-7B20-4232-A065-B4C197103F92}"
EndProject
Global
	GlobalSection(SolutionConfigurationPlatforms) = preSolution
		Debug|Any CPU = Debug|Any CPU
		Release|Any CPU = Release|Any CPU
	EndGlobalSection
	GlobalSection(ProjectConfigurationPlatforms) = postSolution
		{24C65498-7B20-4232-A065-B4C197103F92}.Debug|Any CPU.ActiveCfg = Debug|Any CPU
		{24C65498-7B20-4232-A065-B4C197103F92}.Debug|Any CPU.Build.0 = Debug|Any CPU
		{24C65498-7B20-4232-A065-B4C197103F92}.Release|Any CPU.ActiveCfg = Release|Any CPU
		{24C65498-7B20-4232-A065-B4C197103F92}.Release|Any CPU.Build.0 = Release|Any CPU
	EndGlobalSection
	GlobalSection(SolutionProperties) = preSolution
		HideSolutionNode = FALSE
	EndGlobalSection
	GlobalSection(ExtensibilityGlobals) = postSolution
		SolutionGuid = {A3D52488-62F8-49C9-8AC4-44EB4501158C}
	EndGlobalSection
EndGlobal
