
Microsoft Visual Studio Solution File, Format Version 12.00
# Visual Studio 15
VisualStudioVersion = 15.0.27703.2047
MinimumVisualStudioVersion = 10.0.40219.1
Project("{FAE04EC0-301F-11D3-BF4B-00C04F79EFBC}") = "T16 - Merkin Tarkistus", "T16 - Merkin Tarkistus\T16 - Merkin Tarkistus.csproj", "{5B00A48C-92F5-4FDE-87A5-FB675E83DB7F}"
EndProject
Global
	GlobalSection(SolutionConfigurationPlatforms) = preSolution
		Debug|Any CPU = Debug|Any CPU
		Release|Any CPU = Release|Any CPU
	EndGlobalSection
	GlobalSection(ProjectConfigurationPlatforms) = postSolution
		{5B00A48C-92F5-4FDE-87A5-FB675E83DB7F}.Debug|Any CPU.ActiveCfg = Debug|Any CPU
		{5B00A48C-92F5-4FDE-87A5-FB675E83DB7F}.Debug|Any CPU.Build.0 = Debug|Any CPU
		{5B00A48C-92F5-4FDE-87A5-FB675E83DB7F}.Release|Any CPU.ActiveCfg = Release|Any CPU
		{5B00A48C-92F5-4FDE-87A5-FB675E83DB7F}.Release|Any CPU.Build.0 = Release|Any CPU
	EndGlobalSection
	GlobalSection(SolutionProperties) = preSolution
		HideSolutionNode = FALSE
	EndGlobalSection
	GlobalSection(ExtensibilityGlobals) = postSolution
		SolutionGuid = {F3C5DD38-8EAB-4708-AE24-3B0E51C6DFA2}
	EndGlobalSection
EndGlobal
